
Microsoft Visual Studio Solution File, Format Version 12.00
# Visual Studio Version 17
VisualStudioVersion = 17.3.32929.385
MinimumVisualStudioVersion = 10.0.40219.1
Project("{FAE04EC0-301F-11D3-BF4B-00C04F79EFBC}") = "Demo", "Demo\Demo.csproj", "{31AC0BEA-EDF1-405D-9511-00A50A01B395}"
EndProject
Global
	GlobalSection(SolutionConfigurationPlatforms) = preSolution
		Debug|Any CPU = Debug|Any CPU
		Release|Any CPU = Release|Any CPU
	EndGlobalSection
	GlobalSection(ProjectConfigurationPlatforms) = postSolution
		{31AC0BEA-EDF1-405D-9511-00A50A01B395}.Debug|Any CPU.ActiveCfg = Debug|Any CPU
		{31AC0BEA-EDF1-405D-9511-00A50A01B395}.Debug|Any CPU.Build.0 = Debug|Any CPU
		{31AC0BEA-EDF1-405D-9511-00A50A01B395}.Release|Any CPU.ActiveCfg = Release|Any CPU
		{31AC0BEA-EDF1-405D-9511-00A50A01B395}.Release|Any CPU.Build.0 = Release|Any CPU
	EndGlobalSection
	GlobalSection(SolutionProperties) = preSolution
		HideSolutionNode = FALSE
	EndGlobalSection
	GlobalSection(ExtensibilityGlobals) = postSolution
		SolutionGuid = {2CBDE38E-408A-4277-86A3-66304AED46FC}
	EndGlobalSection
EndGlobal
